
Microsoft Visual Studio Solution File, Format Version 12.00
# Visual Studio 15
Project("{FAE04EC0-301F-11D3-BF4B-00C04F79EFBC}") = "PhotonUnityNetworking.Utilities", "PhotonUnityNetworking.Utilities.csproj", "{70892DF5-EBD9-21B6-9215-CCC4B8F379D0}"
EndProject
Project("{FAE04EC0-301F-11D3-BF4B-00C04F79EFBC}") = "Assembly-CSharp", "Assembly-CSharp.csproj", "{7D12C0ED-F33E-3CDE-15D6-3D9A1C0AF349}"
EndProject
Project("{FAE04EC0-301F-11D3-BF4B-00C04F79EFBC}") = "PhotonUnityNetworking.Demos", "PhotonUnityNetworking.Demos.csproj", "{AE992E50-D4FA-498A-E129-1FAB7F1E194E}"
EndProject
Project("{FAE04EC0-301F-11D3-BF4B-00C04F79EFBC}") = "PhotonUnityNetworking", "PhotonUnityNetworking.csproj", "{06E18A40-893E-F9C6-8900-B9BC2EC0B103}"
EndProject
Project("{FAE04EC0-301F-11D3-BF4B-00C04F79EFBC}") = "PhotonChat", "PhotonChat.csproj", "{CEB5564A-A421-EF0F-8CA4-D174BB5C8E9E}"
EndProject
Project("{FAE04EC0-301F-11D3-BF4B-00C04F79EFBC}") = "PhotonRealtime", "PhotonRealtime.csproj", "{D0A21D5D-FB41-B8DB-7179-9E83DDA9C8BB}"
EndProject
Project("{FAE04EC0-301F-11D3-BF4B-00C04F79EFBC}") = "PhotonUnityNetworking.Editor", "PhotonUnityNetworking.Editor.csproj", "{1463F66C-DF52-70DD-C160-28B0B8A9A141}"
EndProject
Project("{FAE04EC0-301F-11D3-BF4B-00C04F79EFBC}") = "PhotonUnityNetworking.Utilities.PhotonPlayer.Editor", "PhotonUnityNetworking.Utilities.PhotonPlayer.Editor.csproj", "{FECC30AB-0E49-0B9C-3DD8-0A33D6A0F392}"
EndProject
Project("{FAE04EC0-301F-11D3-BF4B-00C04F79EFBC}") = "PunDemos.DemoSlotcarEditor", "PunDemos.DemoSlotcarEditor.csproj", "{3E73D80F-AC05-5A37-49DF-19E0FDF0956A}"
EndProject
Project("{FAE04EC0-301F-11D3-BF4B-00C04F79EFBC}") = "PhotonUnityNetworking.Utilities.Culling.Editor", "PhotonUnityNetworking.Utilities.Culling.Editor.csproj", "{695CE049-EB31-B501-57B3-86E90727EE16}"
EndProject
Project("{FAE04EC0-301F-11D3-BF4B-00C04F79EFBC}") = "PunDemos.DemoHubEditor", "PunDemos.DemoHubEditor.csproj", "{0AE9DDB9-BF32-F23C-51D7-15E3C279E8A2}"
EndProject
Global
	GlobalSection(SolutionConfigurationPlatforms) = preSolution
		Debug|Any CPU = Debug|Any CPU
		Release|Any CPU = Release|Any CPU
	EndGlobalSection
	GlobalSection(ProjectConfigurationPlatforms) = postSolution
		{70892DF5-EBD9-21B6-9215-CCC4B8F379D0}.Debug|Any CPU.ActiveCfg = Debug|Any CPU
		{70892DF5-EBD9-21B6-9215-CCC4B8F379D0}.Debug|Any CPU.Build.0 = Debug|Any CPU
		{70892DF5-EBD9-21B6-9215-CCC4B8F379D0}.Release|Any CPU.ActiveCfg = Release|Any CPU
		{70892DF5-EBD9-21B6-9215-CCC4B8F379D0}.Release|Any CPU.Build.0 = Release|Any CPU
		{7D12C0ED-F33E-3CDE-15D6-3D9A1C0AF349}.Debug|Any CPU.ActiveCfg = Debug|Any CPU
		{7D12C0ED-F33E-3CDE-15D6-3D9A1C0AF349}.Debug|Any CPU.Build.0 = Debug|Any CPU
		{7D12C0ED-F33E-3CDE-15D6-3D9A1C0AF349}.Release|Any CPU.ActiveCfg = Release|Any CPU
		{7D12C0ED-F33E-3CDE-15D6-3D9A1C0AF349}.Release|Any CPU.Build.0 = Release|Any CPU
		{AE992E50-D4FA-498A-E129-1FAB7F1E194E}.Debug|Any CPU.ActiveCfg = Debug|Any CPU
		{AE992E50-D4FA-498A-E129-1FAB7F1E194E}.Debug|Any CPU.Build.0 = Debug|Any CPU
		{AE992E50-D4FA-498A-E129-1FAB7F1E194E}.Release|Any CPU.ActiveCfg = Release|Any CPU
		{AE992E50-D4FA-498A-E129-1FAB7F1E194E}.Release|Any CPU.Build.0 = Release|Any CPU
		{06E18A40-893E-F9C6-8900-B9BC2EC0B103}.Debug|Any CPU.ActiveCfg = Debug|Any CPU
		{06E18A40-893E-F9C6-8900-B9BC2EC0B103}.Debug|Any CPU.Build.0 = Debug|Any CPU
		{06E18A40-893E-F9C6-8900-B9BC2EC0B103}.Release|Any CPU.ActiveCfg = Release|Any CPU
		{06E18A40-893E-F9C6-8900-B9BC2EC0B103}.Release|Any CPU.Build.0 = Release|Any CPU
		{CEB5564A-A421-EF0F-8CA4-D174BB5C8E9E}.Debug|Any CPU.ActiveCfg = Debug|Any CPU
		{CEB5564A-A421-EF0F-8CA4-D174BB5C8E9E}.Debug|Any CPU.Build.0 = Debug|Any CPU
		{CEB5564A-A421-EF0F-8CA4-D174BB5C8E9E}.Release|Any CPU.ActiveCfg = Release|Any CPU
		{CEB5564A-A421-EF0F-8CA4-D174BB5C8E9E}.Release|Any CPU.Build.0 = Release|Any CPU
		{D0A21D5D-FB41-B8DB-7179-9E83DDA9C8BB}.Debug|Any CPU.ActiveCfg = Debug|Any CPU
		{D0A21D5D-FB41-B8DB-7179-9E83DDA9C8BB}.Debug|Any CPU.Build.0 = Debug|Any CPU
		{D0A21D5D-FB41-B8DB-7179-9E83DDA9C8BB}.Release|Any CPU.ActiveCfg = Release|Any CPU
		{D0A21D5D-FB41-B8DB-7179-9E83DDA9C8BB}.Release|Any CPU.Build.0 = Release|Any CPU
		{1463F66C-DF52-70DD-C160-28B0B8A9A141}.Debug|Any CPU.ActiveCfg = Debug|Any CPU
		{1463F66C-DF52-70DD-C160-28B0B8A9A141}.Debug|Any CPU.Build.0 = Debug|Any CPU
		{1463F66C-DF52-70DD-C160-28B0B8A9A141}.Release|Any CPU.ActiveCfg = Release|Any CPU
		{1463F66C-DF52-70DD-C160-28B0B8A9A141}.Release|Any CPU.Build.0 = Release|Any CPU
		{FECC30AB-0E49-0B9C-3DD8-0A33D6A0F392}.Debug|Any CPU.ActiveCfg = Debug|Any CPU
		{FECC30AB-0E49-0B9C-3DD8-0A33D6A0F392}.Debug|Any CPU.Build.0 = Debug|Any CPU
		{FECC30AB-0E49-0B9C-3DD8-0A33D6A0F392}.Release|Any CPU.ActiveCfg = Release|Any CPU
		{FECC30AB-0E49-0B9C-3DD8-0A33D6A0F392}.Release|Any CPU.Build.0 = Release|Any CPU
		{3E73D80F-AC05-5A37-49DF-19E0FDF0956A}.Debug|Any CPU.ActiveCfg = Debug|Any CPU
		{3E73D80F-AC05-5A37-49DF-19E0FDF0956A}.Debug|Any CPU.Build.0 = Debug|Any CPU
		{3E73D80F-AC05-5A37-49DF-19E0FDF0956A}.Release|Any CPU.ActiveCfg = Release|Any CPU
		{3E73D80F-AC05-5A37-49DF-19E0FDF0956A}.Release|Any CPU.Build.0 = Release|Any CPU
		{695CE049-EB31-B501-57B3-86E90727EE16}.Debug|Any CPU.ActiveCfg = Debug|Any CPU
		{695CE049-EB31-B501-57B3-86E90727EE16}.Debug|Any CPU.Build.0 = Debug|Any CPU
		{695CE049-EB31-B501-57B3-86E90727EE16}.Release|Any CPU.ActiveCfg = Release|Any CPU
		{695CE049-EB31-B501-57B3-86E90727EE16}.Release|Any CPU.Build.0 = Release|Any CPU
		{0AE9DDB9-BF32-F23C-51D7-15E3C279E8A2}.Debug|Any CPU.ActiveCfg = Debug|Any CPU
		{0AE9DDB9-BF32-F23C-51D7-15E3C279E8A2}.Debug|Any CPU.Build.0 = Debug|Any CPU
		{0AE9DDB9-BF32-F23C-51D7-15E3C279E8A2}.Release|Any CPU.ActiveCfg = Release|Any CPU
		{0AE9DDB9-BF32-F23C-51D7-15E3C279E8A2}.Release|Any CPU.Build.0 = Release|Any CPU
	EndGlobalSection
	GlobalSection(SolutionProperties) = preSolution
		HideSolutionNode = FALSE
	EndGlobalSection
EndGlobal
